
Microsoft Visual Studio Solution File, Format Version 12.00
# Visual Studio Version 17
VisualStudioVersion = 17.3.32922.545
MinimumVisualStudioVersion = 10.0.40219.1
Project("{9A19103F-16F7-4668-BE54-9A1E7A4F7556}") = "LibraryManager.Web", "LibraryManager.Web\LibraryManager.Web.csproj", "{23102E36-478C-4681-983D-E13BA4244BCD}"
EndProject
Project("{9A19103F-16F7-4668-BE54-9A1E7A4F7556}") = "LibraryManager.Data", "LibraryManager.Data\LibraryManager.Data.csproj", "{19B8B0DF-AB05-4F28-AC54-BEA0E04AA974}"
EndProject
Global
	GlobalSection(SolutionConfigurationPlatforms) = preSolution
		Debug|Any CPU = Debug|Any CPU
		Release|Any CPU = Release|Any CPU
	EndGlobalSection
	GlobalSection(ProjectConfigurationPlatforms) = postSolution
		{23102E36-478C-4681-983D-E13BA4244BCD}.Debug|Any CPU.ActiveCfg = Debug|Any CPU
		{23102E36-478C-4681-983D-E13BA4244BCD}.Debug|Any CPU.Build.0 = Debug|Any CPU
		{23102E36-478C-4681-983D-E13BA4244BCD}.Release|Any CPU.ActiveCfg = Release|Any CPU
		{23102E36-478C-4681-983D-E13BA4244BCD}.Release|Any CPU.Build.0 = Release|Any CPU
		{19B8B0DF-AB05-4F28-AC54-BEA0E04AA974}.Debug|Any CPU.ActiveCfg = Debug|Any CPU
		{19B8B0DF-AB05-4F28-AC54-BEA0E04AA974}.Debug|Any CPU.Build.0 = Debug|Any CPU
		{19B8B0DF-AB05-4F28-AC54-BEA0E04AA974}.Release|Any CPU.ActiveCfg = Release|Any CPU
		{19B8B0DF-AB05-4F28-AC54-BEA0E04AA974}.Release|Any CPU.Build.0 = Release|Any CPU
	EndGlobalSection
	GlobalSection(SolutionProperties) = preSolution
		HideSolutionNode = FALSE
	EndGlobalSection
	GlobalSection(ExtensibilityGlobals) = postSolution
		SolutionGuid = {538438F1-1E7A-4BB5-95FE-7E411D98747D}
	EndGlobalSection
EndGlobal
